
Microsoft Visual Studio Solution File, Format Version 12.00
# Visual Studio Version 16
VisualStudioVersion = 16.0.28803.352
MinimumVisualStudioVersion = 10.0.40219.1
Project("{FAE04EC0-301F-11D3-BF4B-00C04F79EFBC}") = "Tracked.Android", "Tracked.Android\Tracked.Android.csproj", "{92B547C9-549B-4DCD-962D-1E44BD6D8C79}"
EndProject
Project("{9A19103F-16F7-4668-BE54-9A1E7A4F7556}") = "Tracked", "Tracked\Tracked.csproj", "{93E0597C-E825-4076-A5B1-90ED1414A347}"
EndProject
Project("{00D1A9C2-B5F0-4AF3-8072-F6C62B433612}") = "Database", "Database\Database.sqlproj", "{F9800CFA-814E-4858-AA7A-CCCB0DFD9B5A}"
EndProject
Project("{9A19103F-16F7-4668-BE54-9A1E7A4F7556}") = "DataAccess", "DataAccess\DataAccess.csproj", "{897B6B0A-3A14-40F3-90F5-C70E1AD5D489}"
EndProject
Project("{9A19103F-16F7-4668-BE54-9A1E7A4F7556}") = "Api", "Api\Api.csproj", "{9414018E-8615-41A0-8F0E-B075389BA338}"
EndProject
Project("{9A19103F-16F7-4668-BE54-9A1E7A4F7556}") = "Shared", "Shared\Shared.csproj", "{BD215E62-424E-438D-80A0-8CBFCFF02B61}"
EndProject
Project("{9A19103F-16F7-4668-BE54-9A1E7A4F7556}") = "Tests", "Tests\Tests.csproj", "{42448576-797F-419A-98E6-6C41134A3590}"
EndProject
Project("{9A19103F-16F7-4668-BE54-9A1E7A4F7556}") = "Web", "Web\Web.csproj", "{B5F1BDD1-52BB-47B4-AC9C-035A5F98DE0A}"
EndProject
Global
	GlobalSection(SolutionConfigurationPlatforms) = preSolution
		Debug|Any CPU = Debug|Any CPU
		Release|Any CPU = Release|Any CPU
	EndGlobalSection
	GlobalSection(ProjectConfigurationPlatforms) = postSolution
		{92B547C9-549B-4DCD-962D-1E44BD6D8C79}.Debug|Any CPU.ActiveCfg = Debug|Any CPU
		{92B547C9-549B-4DCD-962D-1E44BD6D8C79}.Debug|Any CPU.Build.0 = Debug|Any CPU
		{92B547C9-549B-4DCD-962D-1E44BD6D8C79}.Debug|Any CPU.Deploy.0 = Debug|Any CPU
		{92B547C9-549B-4DCD-962D-1E44BD6D8C79}.Release|Any CPU.ActiveCfg = Release|Any CPU
		{92B547C9-549B-4DCD-962D-1E44BD6D8C79}.Release|Any CPU.Build.0 = Release|Any CPU
		{92B547C9-549B-4DCD-962D-1E44BD6D8C79}.Release|Any CPU.Deploy.0 = Release|Any CPU
		{93E0597C-E825-4076-A5B1-90ED1414A347}.Debug|Any CPU.ActiveCfg = Debug|Any CPU
		{93E0597C-E825-4076-A5B1-90ED1414A347}.Debug|Any CPU.Build.0 = Debug|Any CPU
		{93E0597C-E825-4076-A5B1-90ED1414A347}.Debug|Any CPU.Deploy.0 = Debug|Any CPU
		{93E0597C-E825-4076-A5B1-90ED1414A347}.Release|Any CPU.ActiveCfg = Release|Any CPU
		{93E0597C-E825-4076-A5B1-90ED1414A347}.Release|Any CPU.Build.0 = Release|Any CPU
		{93E0597C-E825-4076-A5B1-90ED1414A347}.Release|Any CPU.Deploy.0 = Release|Any CPU
		{F9800CFA-814E-4858-AA7A-CCCB0DFD9B5A}.Debug|Any CPU.ActiveCfg = Debug|Any CPU
		{F9800CFA-814E-4858-AA7A-CCCB0DFD9B5A}.Release|Any CPU.ActiveCfg = Release|Any CPU
		{F9800CFA-814E-4858-AA7A-CCCB0DFD9B5A}.Release|Any CPU.Build.0 = Release|Any CPU
		{F9800CFA-814E-4858-AA7A-CCCB0DFD9B5A}.Release|Any CPU.Deploy.0 = Release|Any CPU
		{897B6B0A-3A14-40F3-90F5-C70E1AD5D489}.Debug|Any CPU.ActiveCfg = Debug|Any CPU
		{897B6B0A-3A14-40F3-90F5-C70E1AD5D489}.Debug|Any CPU.Build.0 = Debug|Any CPU
		{897B6B0A-3A14-40F3-90F5-C70E1AD5D489}.Release|Any CPU.ActiveCfg = Release|Any CPU
		{897B6B0A-3A14-40F3-90F5-C70E1AD5D489}.Release|Any CPU.Build.0 = Release|Any CPU
		{9414018E-8615-41A0-8F0E-B075389BA338}.Debug|Any CPU.ActiveCfg = Debug|Any CPU
		{9414018E-8615-41A0-8F0E-B075389BA338}.Debug|Any CPU.Build.0 = Debug|Any CPU
		{9414018E-8615-41A0-8F0E-B075389BA338}.Release|Any CPU.ActiveCfg = Release|Any CPU
		{9414018E-8615-41A0-8F0E-B075389BA338}.Release|Any CPU.Build.0 = Release|Any CPU
		{BD215E62-424E-438D-80A0-8CBFCFF02B61}.Debug|Any CPU.ActiveCfg = Debug|Any CPU
		{BD215E62-424E-438D-80A0-8CBFCFF02B61}.Debug|Any CPU.Build.0 = Debug|Any CPU
		{BD215E62-424E-438D-80A0-8CBFCFF02B61}.Release|Any CPU.ActiveCfg = Release|Any CPU
		{BD215E62-424E-438D-80A0-8CBFCFF02B61}.Release|Any CPU.Build.0 = Release|Any CPU
		{42448576-797F-419A-98E6-6C41134A3590}.Debug|Any CPU.ActiveCfg = Debug|Any CPU
		{42448576-797F-419A-98E6-6C41134A3590}.Debug|Any CPU.Build.0 = Debug|Any CPU
		{42448576-797F-419A-98E6-6C41134A3590}.Release|Any CPU.ActiveCfg = Release|Any CPU
		{42448576-797F-419A-98E6-6C41134A3590}.Release|Any CPU.Build.0 = Release|Any CPU
		{B5F1BDD1-52BB-47B4-AC9C-035A5F98DE0A}.Debug|Any CPU.ActiveCfg = Debug|Any CPU
		{B5F1BDD1-52BB-47B4-AC9C-035A5F98DE0A}.Debug|Any CPU.Build.0 = Debug|Any CPU
		{B5F1BDD1-52BB-47B4-AC9C-035A5F98DE0A}.Release|Any CPU.ActiveCfg = Release|Any CPU
		{B5F1BDD1-52BB-47B4-AC9C-035A5F98DE0A}.Release|Any CPU.Build.0 = Release|Any CPU
	EndGlobalSection
	GlobalSection(SolutionProperties) = preSolution
		HideSolutionNode = FALSE
	EndGlobalSection
	GlobalSection(ExtensibilityGlobals) = postSolution
		SolutionGuid = {6061C890-0A84-48EF-A672-9C0AC713FB6C}
	EndGlobalSection
EndGlobal
